{
  "version": 4,
  "terraform_version": "1.14.5",
  "serial": 3,
  "lineage": "9cf5bfaf-453c-3e94-1c84-9739a70853c4",
  "outputs": {},
  "resources": [
    {
      "module": "module.cdn",
      "mode": "managed",
      "type": "aws_cloudfront_origin_access_control",
      "name": "website",
      "provider": "provider[\"registry.terraform.io/hashicorp/aws\"]",
      "instances": [
        {
          "schema_version": 0,
          "attributes": {
            "arn": "arn:aws:cloudfront::723738378505:origin-access-control/ERBKVNZMH3W37",
            "description": "Managed by Terraform",
            "etag": "ETVPDKIKX0DER",
            "id": "ERBKVNZMH3W37",
            "name": "website",
            "origin_access_control_origin_type": "s3",
            "signing_behavior": "always",
            "signing_protocol": "sigv4"
          },
          "sensitive_attributes": [],
          "identity_schema_version": 0,
          "private": "bnVsbA=="
        }
      ]
    }
  ],
  "check_results": null
}
