{
  "version": 4,
  "terraform_version": "1.4.5",
  "serial": 10,
  "lineage": "246da21e-f478-462f-70aa-c3de69dab5bf",
  "outputs": {
    "cert_arn": {
      "value": "arn:aws:acm:us-east-1:260932761409:certificate/7b63c284-a4cd-49f4-b17a-5570771d7ad5",
      "type": "string"
    },
    "name_servers": {
      "value": [
        "ns-1324.awsdns-37.org",
        "ns-1707.awsdns-21.co.uk",
        "ns-66.awsdns-08.com",
        "ns-872.awsdns-45.net"
      ],
      "type": [
        "list",
        "string"
      ]
    },
    "route_zone_id": {
      "value": "Z01069543LDH4TWNF63GZ",
      "type": "string"
    },
    "validation_record_fqdns": {
      "value": [
        "_f2e445e0cc8d78e90551ee8aecafbc2f.sherlihy.com"
      ],
      "type": [
        "tuple",
        [
          "string"
        ]
      ]
    }
  },
  "resources": [
    {
      "mode": "managed",
      "type": "aws_acm_certificate",
      "name": "cert",
      "provider": "provider[\"registry.terraform.io/hashicorp/aws\"]",
      "instances": [
        {
          "schema_version": 0,
          "attributes": {
            "arn": "arn:aws:acm:us-east-1:260932761409:certificate/7b63c284-a4cd-49f4-b17a-5570771d7ad5",
            "certificate_authority_arn": "",
            "certificate_body": null,
            "certificate_chain": null,
            "domain_name": "sherlihy.com",
            "domain_validation_options": [
              {
                "domain_name": "sherlihy.com",
                "resource_record_name": "_f2e445e0cc8d78e90551ee8aecafbc2f.sherlihy.com.",
                "resource_record_type": "CNAME",
                "resource_record_value": "_40f6be2b3e27c42fcd3e9642f2122f04.jkddzztszm.acm-validations.aws."
              }
            ],
            "early_renewal_duration": "",
            "id": "arn:aws:acm:us-east-1:260932761409:certificate/7b63c284-a4cd-49f4-b17a-5570771d7ad5",
            "key_algorithm": "RSA_2048",
            "not_after": "2027-03-16T23:59:59Z",
            "not_before": "2026-02-15T00:00:00Z",
            "options": [
              {
                "certificate_transparency_logging_preference": "ENABLED",
                "export": "DISABLED"
              }
            ],
            "pending_renewal": false,
            "private_key": null,
            "region": "us-east-1",
            "renewal_eligibility": "INELIGIBLE",
            "renewal_summary": [],
            "status": "ISSUED",
            "subject_alternative_names": [
              "sherlihy.com"
            ],
            "tags": {},
            "tags_all": {},
            "type": "AMAZON_ISSUED",
            "validation_emails": [],
            "validation_method": "DNS",
            "validation_option": []
          },
          "sensitive_attributes": [],
          "private": "bnVsbA=="
        }
      ]
    },
    {
      "mode": "managed",
      "type": "aws_route53_record",
      "name": "ssl",
      "provider": "provider[\"registry.terraform.io/hashicorp/aws\"]",
      "instances": [
        {
          "index_key": "sherlihy.com",
          "schema_version": 2,
          "attributes": {
            "alias": [],
            "allow_overwrite": true,
            "cidr_routing_policy": [],
            "failover_routing_policy": [],
            "fqdn": "_f2e445e0cc8d78e90551ee8aecafbc2f.sherlihy.com",
            "geolocation_routing_policy": [],
            "geoproximity_routing_policy": [],
            "health_check_id": "",
            "id": "Z01069543LDH4TWNF63GZ__f2e445e0cc8d78e90551ee8aecafbc2f.sherlihy.com._CNAME",
            "latency_routing_policy": [],
            "multivalue_answer_routing_policy": false,
            "name": "_f2e445e0cc8d78e90551ee8aecafbc2f.sherlihy.com",
            "records": [
              "_40f6be2b3e27c42fcd3e9642f2122f04.jkddzztszm.acm-validations.aws."
            ],
            "set_identifier": "",
            "timeouts": null,
            "ttl": 60,
            "type": "CNAME",
            "weighted_routing_policy": [],
            "zone_id": "Z01069543LDH4TWNF63GZ"
          },
          "sensitive_attributes": [],
          "private": "eyJlMmJmYjczMC1lY2FhLTExZTYtOGY4OC0zNDM2M2JjN2M0YzAiOnsiY3JlYXRlIjoxODAwMDAwMDAwMDAwLCJkZWxldGUiOjE4MDAwMDAwMDAwMDAsInVwZGF0ZSI6MTgwMDAwMDAwMDAwMH0sInNjaGVtYV92ZXJzaW9uIjoiMiJ9",
          "dependencies": [
            "aws_acm_certificate.cert",
            "aws_route53_zone.sherlihyDotCom"
          ]
        }
      ]
    },
    {
      "mode": "managed",
      "type": "aws_route53_zone",
      "name": "sherlihyDotCom",
      "provider": "provider[\"registry.terraform.io/hashicorp/aws\"]",
      "instances": [
        {
          "schema_version": 0,
          "attributes": {
            "arn": "arn:aws:route53:::hostedzone/Z01069543LDH4TWNF63GZ",
            "comment": "Managed by Terraform",
            "delegation_set_id": "",
            "enable_accelerated_recovery": false,
            "force_destroy": true,
            "id": "Z01069543LDH4TWNF63GZ",
            "name": "sherlihy.com",
            "name_servers": [
              "ns-1324.awsdns-37.org",
              "ns-1707.awsdns-21.co.uk",
              "ns-66.awsdns-08.com",
              "ns-872.awsdns-45.net"
            ],
            "primary_name_server": "ns-872.awsdns-45.net",
            "tags": null,
            "tags_all": {},
            "timeouts": null,
            "vpc": [],
            "zone_id": "Z01069543LDH4TWNF63GZ"
          },
          "sensitive_attributes": [],
          "private": "eyJlMmJmYjczMC1lY2FhLTExZTYtOGY4OC0zNDM2M2JjN2M0YzAiOnsiY3JlYXRlIjoxODAwMDAwMDAwMDAwLCJkZWxldGUiOjE4MDAwMDAwMDAwMDAsInVwZGF0ZSI6MTgwMDAwMDAwMDAwMH19"
        }
      ]
    }
  ],
  "check_results": null
}
