{
  "version": 4,
  "terraform_version": "1.14.8",
  "serial": 122,
  "lineage": "29c56c60-518b-8f31-386b-4677e30c0b0c",
  "outputs": {},
  "resources": [
    {
      "mode": "managed",
      "type": "aws_s3_object",
      "name": "website",
      "provider": "provider[\"registry.terraform.io/hashicorp/aws\"]",
      "instances": [
        {
          "index_key": "_shell.html",
          "schema_version": 0,
          "attributes": {
            "acl": null,
            "arn": "arn:aws:s3:::llmlearning20260308210817975400000001/_shell.html",
            "bucket": "llmlearning20260308210817975400000001",
            "bucket_key_enabled": false,
            "cache_control": "",
            "checksum_algorithm": null,
            "checksum_crc32": "",
            "checksum_crc32c": "",
            "checksum_crc64nvme": "",
            "checksum_sha1": "",
            "checksum_sha256": "",
            "content": null,
            "content_base64": null,
            "content_disposition": "",
            "content_encoding": "",
            "content_language": "",
            "content_type": "text/html",
            "etag": "da4422b4d2194f7916fb13a0453d3536",
            "force_destroy": false,
            "id": "llmlearning20260308210817975400000001/_shell.html",
            "key": "_shell.html",
            "kms_key_id": null,
            "metadata": null,
            "object_lock_legal_hold_status": "",
            "object_lock_mode": "",
            "object_lock_retain_until_date": "",
            "override_provider": [],
            "region": "eu-west-2",
            "server_side_encryption": "AES256",
            "source": "./website/_shell.html",
            "source_hash": "da4422b4d2194f7916fb13a0453d3536",
            "storage_class": "STANDARD",
            "tags": null,
            "tags_all": {},
            "version_id": "",
            "website_redirect": ""
          },
          "sensitive_attributes": [],
          "identity_schema_version": 0,
          "identity": {
            "account_id": "723738378505",
            "bucket": "llmlearning20260308210817975400000001",
            "key": "_shell.html",
            "region": "eu-west-2"
          },
          "private": "bnVsbA==",
          "dependencies": [
            "terraform_data.replacement"
          ]
        },
        {
          "index_key": "assets/button-UfRpicbB.js",
          "schema_version": 0,
          "attributes": {
            "acl": null,
            "arn": "arn:aws:s3:::llmlearning20260308210817975400000001/assets/button-UfRpicbB.js",
            "bucket": "llmlearning20260308210817975400000001",
            "bucket_key_enabled": false,
            "cache_control": "",
            "checksum_algorithm": null,
            "checksum_crc32": "",
            "checksum_crc32c": "",
            "checksum_crc64nvme": "",
            "checksum_sha1": "",
            "checksum_sha256": "",
            "content": null,
            "content_base64": null,
            "content_disposition": "",
            "content_encoding": "",
            "content_language": "",
            "content_type": "application/javascript",
            "etag": "ca3ca3a33d73783ebd3598a7ac50f738",
            "force_destroy": false,
            "id": "llmlearning20260308210817975400000001/assets/button-UfRpicbB.js",
            "key": "assets/button-UfRpicbB.js",
            "kms_key_id": null,
            "metadata": null,
            "object_lock_legal_hold_status": "",
            "object_lock_mode": "",
            "object_lock_retain_until_date": "",
            "override_provider": [],
            "region": "eu-west-2",
            "server_side_encryption": "AES256",
            "source": "./website/assets/button-UfRpicbB.js",
            "source_hash": "ca3ca3a33d73783ebd3598a7ac50f738",
            "storage_class": "STANDARD",
            "tags": null,
            "tags_all": {},
            "version_id": "",
            "website_redirect": ""
          },
          "sensitive_attributes": [],
          "identity_schema_version": 0,
          "identity": {
            "account_id": "723738378505",
            "bucket": "llmlearning20260308210817975400000001",
            "key": "assets/button-UfRpicbB.js",
            "region": "eu-west-2"
          },
          "private": "bnVsbA==",
          "dependencies": [
            "terraform_data.replacement"
          ]
        },
        {
          "index_key": "assets/flashcard-v6gVlE69.js",
          "schema_version": 0,
          "attributes": {
            "acl": null,
            "arn": "arn:aws:s3:::llmlearning20260308210817975400000001/assets/flashcard-v6gVlE69.js",
            "bucket": "llmlearning20260308210817975400000001",
            "bucket_key_enabled": false,
            "cache_control": "",
            "checksum_algorithm": null,
            "checksum_crc32": "",
            "checksum_crc32c": "",
            "checksum_crc64nvme": "",
            "checksum_sha1": "",
            "checksum_sha256": "",
            "content": null,
            "content_base64": null,
            "content_disposition": "",
            "content_encoding": "",
            "content_language": "",
            "content_type": "application/javascript",
            "etag": "0fa3a97a907ffb8292a1c5ffb14a16ee",
            "force_destroy": false,
            "id": "llmlearning20260308210817975400000001/assets/flashcard-v6gVlE69.js",
            "key": "assets/flashcard-v6gVlE69.js",
            "kms_key_id": null,
            "metadata": null,
            "object_lock_legal_hold_status": "",
            "object_lock_mode": "",
            "object_lock_retain_until_date": "",
            "override_provider": [],
            "region": "eu-west-2",
            "server_side_encryption": "AES256",
            "source": "./website/assets/flashcard-v6gVlE69.js",
            "source_hash": "0fa3a97a907ffb8292a1c5ffb14a16ee",
            "storage_class": "STANDARD",
            "tags": null,
            "tags_all": {},
            "version_id": "",
            "website_redirect": ""
          },
          "sensitive_attributes": [],
          "identity_schema_version": 0,
          "identity": {
            "account_id": "723738378505",
            "bucket": "llmlearning20260308210817975400000001",
            "key": "assets/flashcard-v6gVlE69.js",
            "region": "eu-west-2"
          },
          "private": "bnVsbA==",
          "dependencies": [
            "terraform_data.replacement"
          ]
        },
        {
          "index_key": "assets/index-DFJ1rvq_.js",
          "schema_version": 0,
          "attributes": {
            "acl": null,
            "arn": "arn:aws:s3:::llmlearning20260308210817975400000001/assets/index-DFJ1rvq_.js",
            "bucket": "llmlearning20260308210817975400000001",
            "bucket_key_enabled": false,
            "cache_control": "",
            "checksum_algorithm": null,
            "checksum_crc32": "",
            "checksum_crc32c": "",
            "checksum_crc64nvme": "",
            "checksum_sha1": "",
            "checksum_sha256": "",
            "content": null,
            "content_base64": null,
            "content_disposition": "",
            "content_encoding": "",
            "content_language": "",
            "content_type": "application/javascript",
            "etag": "7955b2349086511e04e6e7d4d5f5439a",
            "force_destroy": false,
            "id": "llmlearning20260308210817975400000001/assets/index-DFJ1rvq_.js",
            "key": "assets/index-DFJ1rvq_.js",
            "kms_key_id": null,
            "metadata": null,
            "object_lock_legal_hold_status": "",
            "object_lock_mode": "",
            "object_lock_retain_until_date": "",
            "override_provider": [],
            "region": "eu-west-2",
            "server_side_encryption": "AES256",
            "source": "./website/assets/index-DFJ1rvq_.js",
            "source_hash": "7955b2349086511e04e6e7d4d5f5439a",
            "storage_class": "STANDARD",
            "tags": null,
            "tags_all": {},
            "version_id": "",
            "website_redirect": ""
          },
          "sensitive_attributes": [],
          "identity_schema_version": 0,
          "identity": {
            "account_id": "723738378505",
            "bucket": "llmlearning20260308210817975400000001",
            "key": "assets/index-DFJ1rvq_.js",
            "region": "eu-west-2"
          },
          "private": "bnVsbA==",
          "dependencies": [
            "terraform_data.replacement"
          ]
        },
        {
          "index_key": "assets/main-B4UzW7qS.css",
          "schema_version": 0,
          "attributes": {
            "acl": null,
            "arn": "arn:aws:s3:::llmlearning20260308210817975400000001/assets/main-B4UzW7qS.css",
            "bucket": "llmlearning20260308210817975400000001",
            "bucket_key_enabled": false,
            "cache_control": "",
            "checksum_algorithm": null,
            "checksum_crc32": "",
            "checksum_crc32c": "",
            "checksum_crc64nvme": "",
            "checksum_sha1": "",
            "checksum_sha256": "",
            "content": null,
            "content_base64": null,
            "content_disposition": "",
            "content_encoding": "",
            "content_language": "",
            "content_type": "text/css",
            "etag": "5f06ce690048d23aa778158e1610ba67",
            "force_destroy": false,
            "id": "llmlearning20260308210817975400000001/assets/main-B4UzW7qS.css",
            "key": "assets/main-B4UzW7qS.css",
            "kms_key_id": null,
            "metadata": null,
            "object_lock_legal_hold_status": "",
            "object_lock_mode": "",
            "object_lock_retain_until_date": "",
            "override_provider": [],
            "region": "eu-west-2",
            "server_side_encryption": "AES256",
            "source": "./website/assets/main-B4UzW7qS.css",
            "source_hash": "5f06ce690048d23aa778158e1610ba67",
            "storage_class": "STANDARD",
            "tags": null,
            "tags_all": {},
            "version_id": "",
            "website_redirect": ""
          },
          "sensitive_attributes": [],
          "identity_schema_version": 0,
          "identity": {
            "account_id": "723738378505",
            "bucket": "llmlearning20260308210817975400000001",
            "key": "assets/main-B4UzW7qS.css",
            "region": "eu-west-2"
          },
          "private": "bnVsbA==",
          "dependencies": [
            "terraform_data.replacement"
          ]
        },
        {
          "index_key": "assets/main-CNwLdrIR.js",
          "schema_version": 0,
          "attributes": {
            "acl": null,
            "arn": "arn:aws:s3:::llmlearning20260308210817975400000001/assets/main-CNwLdrIR.js",
            "bucket": "llmlearning20260308210817975400000001",
            "bucket_key_enabled": false,
            "cache_control": "",
            "checksum_algorithm": null,
            "checksum_crc32": "",
            "checksum_crc32c": "",
            "checksum_crc64nvme": "",
            "checksum_sha1": "",
            "checksum_sha256": "",
            "content": null,
            "content_base64": null,
            "content_disposition": "",
            "content_encoding": "",
            "content_language": "",
            "content_type": "application/javascript",
            "etag": "62089062ebbca2c799c6d8e081cba6e3",
            "force_destroy": false,
            "id": "llmlearning20260308210817975400000001/assets/main-CNwLdrIR.js",
            "key": "assets/main-CNwLdrIR.js",
            "kms_key_id": null,
            "metadata": null,
            "object_lock_legal_hold_status": "",
            "object_lock_mode": "",
            "object_lock_retain_until_date": "",
            "override_provider": [],
            "region": "eu-west-2",
            "server_side_encryption": "AES256",
            "source": "./website/assets/main-CNwLdrIR.js",
            "source_hash": "62089062ebbca2c799c6d8e081cba6e3",
            "storage_class": "STANDARD",
            "tags": null,
            "tags_all": {},
            "version_id": "",
            "website_redirect": ""
          },
          "sensitive_attributes": [],
          "identity_schema_version": 0,
          "identity": {
            "account_id": "723738378505",
            "bucket": "llmlearning20260308210817975400000001",
            "key": "assets/main-CNwLdrIR.js",
            "region": "eu-west-2"
          },
          "private": "bnVsbA==",
          "dependencies": [
            "terraform_data.replacement"
          ]
        }
      ]
    },
    {
      "mode": "managed",
      "type": "terraform_data",
      "name": "replacement",
      "provider": "provider[\"terraform.io/builtin/terraform\"]",
      "instances": [
        {
          "schema_version": 0,
          "attributes": {
            "id": "3777939e-f6e9-b43a-2d39-2fc2e57b479b",
            "input": {
              "value": "2026-04-13T06:50:35Z",
              "type": "string"
            },
            "output": {
              "value": "2026-04-13T06:50:35Z",
              "type": "string"
            },
            "triggers_replace": null
          },
          "sensitive_attributes": [],
          "identity_schema_version": 0
        }
      ]
    }
  ],
  "check_results": null
}
