{
  "version": 4,
  "terraform_version": "1.14.8",
  "serial": 108,
  "lineage": "29c56c60-518b-8f31-386b-4677e30c0b0c",
  "outputs": {},
  "resources": [
    {
      "mode": "managed",
      "type": "aws_s3_object",
      "name": "website",
      "provider": "provider[\"registry.terraform.io/hashicorp/aws\"]",
      "instances": [
        {
          "index_key": "_shell.html",
          "schema_version": 0,
          "attributes": {
            "acl": null,
            "arn": "arn:aws:s3:::llmlearning20260308210817975400000001/_shell.html",
            "bucket": "llmlearning20260308210817975400000001",
            "bucket_key_enabled": false,
            "cache_control": "",
            "checksum_algorithm": null,
            "checksum_crc32": "",
            "checksum_crc32c": "",
            "checksum_crc64nvme": "",
            "checksum_sha1": "",
            "checksum_sha256": "",
            "content": null,
            "content_base64": null,
            "content_disposition": "",
            "content_encoding": "",
            "content_language": "",
            "content_type": "text/html",
            "etag": "0acff1fdcd6e96d119d24944a5c1e755",
            "force_destroy": false,
            "id": "llmlearning20260308210817975400000001/_shell.html",
            "key": "_shell.html",
            "kms_key_id": null,
            "metadata": null,
            "object_lock_legal_hold_status": "",
            "object_lock_mode": "",
            "object_lock_retain_until_date": "",
            "override_provider": [],
            "region": "eu-west-2",
            "server_side_encryption": "AES256",
            "source": "./website/_shell.html",
            "source_hash": "0acff1fdcd6e96d119d24944a5c1e755",
            "storage_class": "STANDARD",
            "tags": null,
            "tags_all": {},
            "version_id": "",
            "website_redirect": ""
          },
          "sensitive_attributes": [],
          "identity_schema_version": 0,
          "identity": {
            "account_id": "723738378505",
            "bucket": "llmlearning20260308210817975400000001",
            "key": "_shell.html",
            "region": "eu-west-2"
          },
          "private": "bnVsbA==",
          "dependencies": [
            "terraform_data.replacement"
          ]
        },
        {
          "index_key": "assets/button-DSwNUT5D.js",
          "schema_version": 0,
          "attributes": {
            "acl": null,
            "arn": "arn:aws:s3:::llmlearning20260308210817975400000001/assets/button-DSwNUT5D.js",
            "bucket": "llmlearning20260308210817975400000001",
            "bucket_key_enabled": false,
            "cache_control": "",
            "checksum_algorithm": null,
            "checksum_crc32": "",
            "checksum_crc32c": "",
            "checksum_crc64nvme": "",
            "checksum_sha1": "",
            "checksum_sha256": "",
            "content": null,
            "content_base64": null,
            "content_disposition": "",
            "content_encoding": "",
            "content_language": "",
            "content_type": "application/javascript",
            "etag": "1b9f5f05c39650c8bfcbf2fc3b7aa1e3",
            "force_destroy": false,
            "id": "llmlearning20260308210817975400000001/assets/button-DSwNUT5D.js",
            "key": "assets/button-DSwNUT5D.js",
            "kms_key_id": null,
            "metadata": null,
            "object_lock_legal_hold_status": "",
            "object_lock_mode": "",
            "object_lock_retain_until_date": "",
            "override_provider": [],
            "region": "eu-west-2",
            "server_side_encryption": "AES256",
            "source": "./website/assets/button-DSwNUT5D.js",
            "source_hash": "1b9f5f05c39650c8bfcbf2fc3b7aa1e3",
            "storage_class": "STANDARD",
            "tags": null,
            "tags_all": {},
            "version_id": "",
            "website_redirect": ""
          },
          "sensitive_attributes": [],
          "identity_schema_version": 0,
          "identity": {
            "account_id": "723738378505",
            "bucket": "llmlearning20260308210817975400000001",
            "key": "assets/button-DSwNUT5D.js",
            "region": "eu-west-2"
          },
          "private": "bnVsbA==",
          "dependencies": [
            "terraform_data.replacement"
          ]
        },
        {
          "index_key": "assets/flashcard-zGDw9srp.js",
          "schema_version": 0,
          "attributes": {
            "acl": null,
            "arn": "arn:aws:s3:::llmlearning20260308210817975400000001/assets/flashcard-zGDw9srp.js",
            "bucket": "llmlearning20260308210817975400000001",
            "bucket_key_enabled": false,
            "cache_control": "",
            "checksum_algorithm": null,
            "checksum_crc32": "",
            "checksum_crc32c": "",
            "checksum_crc64nvme": "",
            "checksum_sha1": "",
            "checksum_sha256": "",
            "content": null,
            "content_base64": null,
            "content_disposition": "",
            "content_encoding": "",
            "content_language": "",
            "content_type": "application/javascript",
            "etag": "096b1607a42bbab5c633806e68d95338",
            "force_destroy": false,
            "id": "llmlearning20260308210817975400000001/assets/flashcard-zGDw9srp.js",
            "key": "assets/flashcard-zGDw9srp.js",
            "kms_key_id": null,
            "metadata": null,
            "object_lock_legal_hold_status": "",
            "object_lock_mode": "",
            "object_lock_retain_until_date": "",
            "override_provider": [],
            "region": "eu-west-2",
            "server_side_encryption": "AES256",
            "source": "./website/assets/flashcard-zGDw9srp.js",
            "source_hash": "096b1607a42bbab5c633806e68d95338",
            "storage_class": "STANDARD",
            "tags": null,
            "tags_all": {},
            "version_id": "",
            "website_redirect": ""
          },
          "sensitive_attributes": [],
          "identity_schema_version": 0,
          "identity": {
            "account_id": "723738378505",
            "bucket": "llmlearning20260308210817975400000001",
            "key": "assets/flashcard-zGDw9srp.js",
            "region": "eu-west-2"
          },
          "private": "bnVsbA==",
          "dependencies": [
            "terraform_data.replacement"
          ]
        },
        {
          "index_key": "assets/index-CY9n3Cex.js",
          "schema_version": 0,
          "attributes": {
            "acl": null,
            "arn": "arn:aws:s3:::llmlearning20260308210817975400000001/assets/index-CY9n3Cex.js",
            "bucket": "llmlearning20260308210817975400000001",
            "bucket_key_enabled": false,
            "cache_control": "",
            "checksum_algorithm": null,
            "checksum_crc32": "",
            "checksum_crc32c": "",
            "checksum_crc64nvme": "",
            "checksum_sha1": "",
            "checksum_sha256": "",
            "content": null,
            "content_base64": null,
            "content_disposition": "",
            "content_encoding": "",
            "content_language": "",
            "content_type": "application/javascript",
            "etag": "0dfad6d46fc18c4caa7cb9bd1b664ff5",
            "force_destroy": false,
            "id": "llmlearning20260308210817975400000001/assets/index-CY9n3Cex.js",
            "key": "assets/index-CY9n3Cex.js",
            "kms_key_id": null,
            "metadata": null,
            "object_lock_legal_hold_status": "",
            "object_lock_mode": "",
            "object_lock_retain_until_date": "",
            "override_provider": [],
            "region": "eu-west-2",
            "server_side_encryption": "AES256",
            "source": "./website/assets/index-CY9n3Cex.js",
            "source_hash": "0dfad6d46fc18c4caa7cb9bd1b664ff5",
            "storage_class": "STANDARD",
            "tags": null,
            "tags_all": {},
            "version_id": "",
            "website_redirect": ""
          },
          "sensitive_attributes": [],
          "identity_schema_version": 0,
          "identity": {
            "account_id": "723738378505",
            "bucket": "llmlearning20260308210817975400000001",
            "key": "assets/index-CY9n3Cex.js",
            "region": "eu-west-2"
          },
          "private": "bnVsbA==",
          "dependencies": [
            "terraform_data.replacement"
          ]
        },
        {
          "index_key": "assets/main-B4UzW7qS.css",
          "schema_version": 0,
          "attributes": {
            "acl": null,
            "arn": "arn:aws:s3:::llmlearning20260308210817975400000001/assets/main-B4UzW7qS.css",
            "bucket": "llmlearning20260308210817975400000001",
            "bucket_key_enabled": false,
            "cache_control": "",
            "checksum_algorithm": null,
            "checksum_crc32": "",
            "checksum_crc32c": "",
            "checksum_crc64nvme": "",
            "checksum_sha1": "",
            "checksum_sha256": "",
            "content": null,
            "content_base64": null,
            "content_disposition": "",
            "content_encoding": "",
            "content_language": "",
            "content_type": "text/css",
            "etag": "5f06ce690048d23aa778158e1610ba67",
            "force_destroy": false,
            "id": "llmlearning20260308210817975400000001/assets/main-B4UzW7qS.css",
            "key": "assets/main-B4UzW7qS.css",
            "kms_key_id": null,
            "metadata": null,
            "object_lock_legal_hold_status": "",
            "object_lock_mode": "",
            "object_lock_retain_until_date": "",
            "override_provider": [],
            "region": "eu-west-2",
            "server_side_encryption": "AES256",
            "source": "./website/assets/main-B4UzW7qS.css",
            "source_hash": "5f06ce690048d23aa778158e1610ba67",
            "storage_class": "STANDARD",
            "tags": null,
            "tags_all": {},
            "version_id": "",
            "website_redirect": ""
          },
          "sensitive_attributes": [],
          "identity_schema_version": 0,
          "identity": {
            "account_id": "723738378505",
            "bucket": "llmlearning20260308210817975400000001",
            "key": "assets/main-B4UzW7qS.css",
            "region": "eu-west-2"
          },
          "private": "bnVsbA==",
          "dependencies": [
            "terraform_data.replacement"
          ]
        },
        {
          "index_key": "assets/main-DFILVGis.js",
          "schema_version": 0,
          "attributes": {
            "acl": null,
            "arn": "arn:aws:s3:::llmlearning20260308210817975400000001/assets/main-DFILVGis.js",
            "bucket": "llmlearning20260308210817975400000001",
            "bucket_key_enabled": false,
            "cache_control": "",
            "checksum_algorithm": null,
            "checksum_crc32": "",
            "checksum_crc32c": "",
            "checksum_crc64nvme": "",
            "checksum_sha1": "",
            "checksum_sha256": "",
            "content": null,
            "content_base64": null,
            "content_disposition": "",
            "content_encoding": "",
            "content_language": "",
            "content_type": "application/javascript",
            "etag": "30c4afa4516cda20c1e70c82eb86b331",
            "force_destroy": false,
            "id": "llmlearning20260308210817975400000001/assets/main-DFILVGis.js",
            "key": "assets/main-DFILVGis.js",
            "kms_key_id": null,
            "metadata": null,
            "object_lock_legal_hold_status": "",
            "object_lock_mode": "",
            "object_lock_retain_until_date": "",
            "override_provider": [],
            "region": "eu-west-2",
            "server_side_encryption": "AES256",
            "source": "./website/assets/main-DFILVGis.js",
            "source_hash": "30c4afa4516cda20c1e70c82eb86b331",
            "storage_class": "STANDARD",
            "tags": null,
            "tags_all": {},
            "version_id": "",
            "website_redirect": ""
          },
          "sensitive_attributes": [],
          "identity_schema_version": 0,
          "identity": {
            "account_id": "723738378505",
            "bucket": "llmlearning20260308210817975400000001",
            "key": "assets/main-DFILVGis.js",
            "region": "eu-west-2"
          },
          "private": "bnVsbA==",
          "dependencies": [
            "terraform_data.replacement"
          ]
        }
      ]
    },
    {
      "mode": "managed",
      "type": "terraform_data",
      "name": "replacement",
      "provider": "provider[\"terraform.io/builtin/terraform\"]",
      "instances": [
        {
          "schema_version": 0,
          "attributes": {
            "id": "3777939e-f6e9-b43a-2d39-2fc2e57b479b",
            "input": {
              "value": "2026-04-12T09:52:20Z",
              "type": "string"
            },
            "output": {
              "value": "2026-04-12T09:52:20Z",
              "type": "string"
            },
            "triggers_replace": null
          },
          "sensitive_attributes": [],
          "identity_schema_version": 0
        }
      ]
    }
  ],
  "check_results": null
}
