{
  "version": 4,
  "terraform_version": "1.14.8",
  "serial": 86,
  "lineage": "29c56c60-518b-8f31-386b-4677e30c0b0c",
  "outputs": {},
  "resources": [
    {
      "mode": "managed",
      "type": "aws_s3_object",
      "name": "website",
      "provider": "provider[\"registry.terraform.io/hashicorp/aws\"]",
      "instances": [
        {
          "index_key": "_shell.html",
          "schema_version": 0,
          "attributes": {
            "acl": null,
            "arn": "arn:aws:s3:::llmlearning20260308210817975400000001/_shell.html",
            "bucket": "llmlearning20260308210817975400000001",
            "bucket_key_enabled": false,
            "cache_control": "",
            "checksum_algorithm": null,
            "checksum_crc32": "",
            "checksum_crc32c": "",
            "checksum_crc64nvme": "",
            "checksum_sha1": "",
            "checksum_sha256": "",
            "content": null,
            "content_base64": null,
            "content_disposition": "",
            "content_encoding": "",
            "content_language": "",
            "content_type": "text/html",
            "etag": "4f4667c0dd6e8df1f254b563746b8915",
            "force_destroy": false,
            "id": "llmlearning20260308210817975400000001/_shell.html",
            "key": "_shell.html",
            "kms_key_id": null,
            "metadata": null,
            "object_lock_legal_hold_status": "",
            "object_lock_mode": "",
            "object_lock_retain_until_date": "",
            "override_provider": [],
            "region": "eu-west-2",
            "server_side_encryption": "AES256",
            "source": "./website/_shell.html",
            "source_hash": "4f4667c0dd6e8df1f254b563746b8915",
            "storage_class": "STANDARD",
            "tags": null,
            "tags_all": {},
            "version_id": "",
            "website_redirect": ""
          },
          "sensitive_attributes": [],
          "identity_schema_version": 0,
          "identity": {
            "account_id": "723738378505",
            "bucket": "llmlearning20260308210817975400000001",
            "key": "_shell.html",
            "region": "eu-west-2"
          },
          "private": "bnVsbA==",
          "dependencies": [
            "terraform_data.replacement"
          ]
        },
        {
          "index_key": "assets/index-DaxW1Ygv.js",
          "schema_version": 0,
          "attributes": {
            "acl": null,
            "arn": "arn:aws:s3:::llmlearning20260308210817975400000001/assets/index-DaxW1Ygv.js",
            "bucket": "llmlearning20260308210817975400000001",
            "bucket_key_enabled": false,
            "cache_control": "",
            "checksum_algorithm": null,
            "checksum_crc32": "",
            "checksum_crc32c": "",
            "checksum_crc64nvme": "",
            "checksum_sha1": "",
            "checksum_sha256": "",
            "content": null,
            "content_base64": null,
            "content_disposition": "",
            "content_encoding": "",
            "content_language": "",
            "content_type": "application/javascript",
            "etag": "7d5ce0accadf41985b7477f34a36ac10",
            "force_destroy": false,
            "id": "llmlearning20260308210817975400000001/assets/index-DaxW1Ygv.js",
            "key": "assets/index-DaxW1Ygv.js",
            "kms_key_id": null,
            "metadata": null,
            "object_lock_legal_hold_status": "",
            "object_lock_mode": "",
            "object_lock_retain_until_date": "",
            "override_provider": [],
            "region": "eu-west-2",
            "server_side_encryption": "AES256",
            "source": "./website/assets/index-DaxW1Ygv.js",
            "source_hash": "7d5ce0accadf41985b7477f34a36ac10",
            "storage_class": "STANDARD",
            "tags": null,
            "tags_all": {},
            "version_id": "",
            "website_redirect": ""
          },
          "sensitive_attributes": [],
          "identity_schema_version": 0,
          "identity": {
            "account_id": "723738378505",
            "bucket": "llmlearning20260308210817975400000001",
            "key": "assets/index-DaxW1Ygv.js",
            "region": "eu-west-2"
          },
          "private": "bnVsbA==",
          "dependencies": [
            "terraform_data.replacement"
          ]
        },
        {
          "index_key": "assets/main-BqrDqMb6.css",
          "schema_version": 0,
          "attributes": {
            "acl": null,
            "arn": "arn:aws:s3:::llmlearning20260308210817975400000001/assets/main-BqrDqMb6.css",
            "bucket": "llmlearning20260308210817975400000001",
            "bucket_key_enabled": false,
            "cache_control": "",
            "checksum_algorithm": null,
            "checksum_crc32": "",
            "checksum_crc32c": "",
            "checksum_crc64nvme": "",
            "checksum_sha1": "",
            "checksum_sha256": "",
            "content": null,
            "content_base64": null,
            "content_disposition": "",
            "content_encoding": "",
            "content_language": "",
            "content_type": "text/css",
            "etag": "e794757937005d960e063db623b9512f",
            "force_destroy": false,
            "id": "llmlearning20260308210817975400000001/assets/main-BqrDqMb6.css",
            "key": "assets/main-BqrDqMb6.css",
            "kms_key_id": null,
            "metadata": null,
            "object_lock_legal_hold_status": "",
            "object_lock_mode": "",
            "object_lock_retain_until_date": "",
            "override_provider": [],
            "region": "eu-west-2",
            "server_side_encryption": "AES256",
            "source": "./website/assets/main-BqrDqMb6.css",
            "source_hash": "e794757937005d960e063db623b9512f",
            "storage_class": "STANDARD",
            "tags": null,
            "tags_all": {},
            "version_id": "",
            "website_redirect": ""
          },
          "sensitive_attributes": [],
          "identity_schema_version": 0,
          "identity": {
            "account_id": "723738378505",
            "bucket": "llmlearning20260308210817975400000001",
            "key": "assets/main-BqrDqMb6.css",
            "region": "eu-west-2"
          },
          "private": "bnVsbA==",
          "dependencies": [
            "terraform_data.replacement"
          ]
        },
        {
          "index_key": "assets/main-DKiPsV6d.js",
          "schema_version": 0,
          "attributes": {
            "acl": null,
            "arn": "arn:aws:s3:::llmlearning20260308210817975400000001/assets/main-DKiPsV6d.js",
            "bucket": "llmlearning20260308210817975400000001",
            "bucket_key_enabled": false,
            "cache_control": "",
            "checksum_algorithm": null,
            "checksum_crc32": "",
            "checksum_crc32c": "",
            "checksum_crc64nvme": "",
            "checksum_sha1": "",
            "checksum_sha256": "",
            "content": null,
            "content_base64": null,
            "content_disposition": "",
            "content_encoding": "",
            "content_language": "",
            "content_type": "application/javascript",
            "etag": "edea707aebb5d3539da6a58730ac85e5",
            "force_destroy": false,
            "id": "llmlearning20260308210817975400000001/assets/main-DKiPsV6d.js",
            "key": "assets/main-DKiPsV6d.js",
            "kms_key_id": null,
            "metadata": null,
            "object_lock_legal_hold_status": "",
            "object_lock_mode": "",
            "object_lock_retain_until_date": "",
            "override_provider": [],
            "region": "eu-west-2",
            "server_side_encryption": "AES256",
            "source": "./website/assets/main-DKiPsV6d.js",
            "source_hash": "edea707aebb5d3539da6a58730ac85e5",
            "storage_class": "STANDARD",
            "tags": null,
            "tags_all": {},
            "version_id": "",
            "website_redirect": ""
          },
          "sensitive_attributes": [],
          "identity_schema_version": 0,
          "identity": {
            "account_id": "723738378505",
            "bucket": "llmlearning20260308210817975400000001",
            "key": "assets/main-DKiPsV6d.js",
            "region": "eu-west-2"
          },
          "private": "bnVsbA==",
          "dependencies": [
            "terraform_data.replacement"
          ]
        }
      ]
    },
    {
      "mode": "managed",
      "type": "terraform_data",
      "name": "replacement",
      "provider": "provider[\"terraform.io/builtin/terraform\"]",
      "instances": [
        {
          "schema_version": 0,
          "attributes": {
            "id": "3777939e-f6e9-b43a-2d39-2fc2e57b479b",
            "input": {
              "value": "2026-03-30T07:27:01Z",
              "type": "string"
            },
            "output": {
              "value": "2026-03-30T07:27:01Z",
              "type": "string"
            },
            "triggers_replace": null
          },
          "sensitive_attributes": [],
          "identity_schema_version": 0
        }
      ]
    }
  ],
  "check_results": null
}
