{
  "version": 4,
  "terraform_version": "1.15.2",
  "serial": 164,
  "lineage": "29c56c60-518b-8f31-386b-4677e30c0b0c",
  "outputs": {},
  "resources": [
    {
      "mode": "managed",
      "type": "aws_s3_object",
      "name": "website",
      "provider": "provider[\"registry.terraform.io/hashicorp/aws\"]",
      "instances": [
        {
          "index_key": "_shell.html",
          "schema_version": 0,
          "attributes": {
            "acl": null,
            "arn": "arn:aws:s3:::llmlearning20260308210817975400000001/_shell.html",
            "bucket": "llmlearning20260308210817975400000001",
            "bucket_key_enabled": false,
            "cache_control": "",
            "checksum_algorithm": null,
            "checksum_crc32": "",
            "checksum_crc32c": "",
            "checksum_crc64nvme": "",
            "checksum_sha1": "",
            "checksum_sha256": "",
            "content": null,
            "content_base64": null,
            "content_disposition": "",
            "content_encoding": "",
            "content_language": "",
            "content_type": "text/html",
            "etag": "d79d7ad5577b14a07cce6fcb27f6c877",
            "force_destroy": false,
            "id": "llmlearning20260308210817975400000001/_shell.html",
            "key": "_shell.html",
            "kms_key_id": null,
            "metadata": null,
            "object_lock_legal_hold_status": "",
            "object_lock_mode": "",
            "object_lock_retain_until_date": "",
            "override_provider": [],
            "region": "eu-west-2",
            "server_side_encryption": "AES256",
            "source": "./website/_shell.html",
            "source_hash": "d79d7ad5577b14a07cce6fcb27f6c877",
            "storage_class": "STANDARD",
            "tags": null,
            "tags_all": {},
            "version_id": "",
            "website_redirect": ""
          },
          "sensitive_attributes": [],
          "identity_schema_version": 0,
          "identity": {
            "account_id": "723738378505",
            "bucket": "llmlearning20260308210817975400000001",
            "key": "_shell.html",
            "region": "eu-west-2"
          },
          "private": "bnVsbA==",
          "dependencies": [
            "terraform_data.replacement"
          ]
        },
        {
          "index_key": "assets/button-Cgm4l3Qb.js",
          "schema_version": 0,
          "attributes": {
            "acl": null,
            "arn": "arn:aws:s3:::llmlearning20260308210817975400000001/assets/button-Cgm4l3Qb.js",
            "bucket": "llmlearning20260308210817975400000001",
            "bucket_key_enabled": false,
            "cache_control": "",
            "checksum_algorithm": null,
            "checksum_crc32": "",
            "checksum_crc32c": "",
            "checksum_crc64nvme": "",
            "checksum_sha1": "",
            "checksum_sha256": "",
            "content": null,
            "content_base64": null,
            "content_disposition": "",
            "content_encoding": "",
            "content_language": "",
            "content_type": "application/javascript",
            "etag": "14b99fb23ba2d3dd0d2f096472fd416c",
            "force_destroy": false,
            "id": "llmlearning20260308210817975400000001/assets/button-Cgm4l3Qb.js",
            "key": "assets/button-Cgm4l3Qb.js",
            "kms_key_id": null,
            "metadata": null,
            "object_lock_legal_hold_status": "",
            "object_lock_mode": "",
            "object_lock_retain_until_date": "",
            "override_provider": [],
            "region": "eu-west-2",
            "server_side_encryption": "AES256",
            "source": "./website/assets/button-Cgm4l3Qb.js",
            "source_hash": "14b99fb23ba2d3dd0d2f096472fd416c",
            "storage_class": "STANDARD",
            "tags": null,
            "tags_all": {},
            "version_id": "",
            "website_redirect": ""
          },
          "sensitive_attributes": [],
          "identity_schema_version": 0,
          "identity": {
            "account_id": "723738378505",
            "bucket": "llmlearning20260308210817975400000001",
            "key": "assets/button-Cgm4l3Qb.js",
            "region": "eu-west-2"
          },
          "private": "bnVsbA==",
          "dependencies": [
            "terraform_data.replacement"
          ]
        },
        {
          "index_key": "assets/flashcard-BrMgMIj3.js",
          "schema_version": 0,
          "attributes": {
            "acl": null,
            "arn": "arn:aws:s3:::llmlearning20260308210817975400000001/assets/flashcard-BrMgMIj3.js",
            "bucket": "llmlearning20260308210817975400000001",
            "bucket_key_enabled": false,
            "cache_control": "",
            "checksum_algorithm": null,
            "checksum_crc32": "",
            "checksum_crc32c": "",
            "checksum_crc64nvme": "",
            "checksum_sha1": "",
            "checksum_sha256": "",
            "content": null,
            "content_base64": null,
            "content_disposition": "",
            "content_encoding": "",
            "content_language": "",
            "content_type": "application/javascript",
            "etag": "b550fabd22485c7954bfc2772dfc1173",
            "force_destroy": false,
            "id": "llmlearning20260308210817975400000001/assets/flashcard-BrMgMIj3.js",
            "key": "assets/flashcard-BrMgMIj3.js",
            "kms_key_id": null,
            "metadata": null,
            "object_lock_legal_hold_status": "",
            "object_lock_mode": "",
            "object_lock_retain_until_date": "",
            "override_provider": [],
            "region": "eu-west-2",
            "server_side_encryption": "AES256",
            "source": "./website/assets/flashcard-BrMgMIj3.js",
            "source_hash": "b550fabd22485c7954bfc2772dfc1173",
            "storage_class": "STANDARD",
            "tags": null,
            "tags_all": {},
            "version_id": "",
            "website_redirect": ""
          },
          "sensitive_attributes": [],
          "identity_schema_version": 0,
          "identity": {
            "account_id": "723738378505",
            "bucket": "llmlearning20260308210817975400000001",
            "key": "assets/flashcard-BrMgMIj3.js",
            "region": "eu-west-2"
          },
          "private": "bnVsbA==",
          "dependencies": [
            "terraform_data.replacement"
          ]
        },
        {
          "index_key": "assets/index-CXWfkWP1.js",
          "schema_version": 0,
          "attributes": {
            "acl": null,
            "arn": "arn:aws:s3:::llmlearning20260308210817975400000001/assets/index-CXWfkWP1.js",
            "bucket": "llmlearning20260308210817975400000001",
            "bucket_key_enabled": false,
            "cache_control": "",
            "checksum_algorithm": null,
            "checksum_crc32": "",
            "checksum_crc32c": "",
            "checksum_crc64nvme": "",
            "checksum_sha1": "",
            "checksum_sha256": "",
            "content": null,
            "content_base64": null,
            "content_disposition": "",
            "content_encoding": "",
            "content_language": "",
            "content_type": "application/javascript",
            "etag": "e29010cce108f9dae7d3b51e6facdd97",
            "force_destroy": false,
            "id": "llmlearning20260308210817975400000001/assets/index-CXWfkWP1.js",
            "key": "assets/index-CXWfkWP1.js",
            "kms_key_id": null,
            "metadata": null,
            "object_lock_legal_hold_status": "",
            "object_lock_mode": "",
            "object_lock_retain_until_date": "",
            "override_provider": [],
            "region": "eu-west-2",
            "server_side_encryption": "AES256",
            "source": "./website/assets/index-CXWfkWP1.js",
            "source_hash": "e29010cce108f9dae7d3b51e6facdd97",
            "storage_class": "STANDARD",
            "tags": null,
            "tags_all": {},
            "version_id": "",
            "website_redirect": ""
          },
          "sensitive_attributes": [],
          "identity_schema_version": 0,
          "identity": {
            "account_id": "723738378505",
            "bucket": "llmlearning20260308210817975400000001",
            "key": "assets/index-CXWfkWP1.js",
            "region": "eu-west-2"
          },
          "private": "bnVsbA==",
          "dependencies": [
            "terraform_data.replacement"
          ]
        },
        {
          "index_key": "assets/index-CaHuRmG5.js",
          "schema_version": 0,
          "attributes": {
            "acl": null,
            "arn": "arn:aws:s3:::llmlearning20260308210817975400000001/assets/index-CaHuRmG5.js",
            "bucket": "llmlearning20260308210817975400000001",
            "bucket_key_enabled": false,
            "cache_control": "",
            "checksum_algorithm": null,
            "checksum_crc32": "",
            "checksum_crc32c": "",
            "checksum_crc64nvme": "",
            "checksum_sha1": "",
            "checksum_sha256": "",
            "content": null,
            "content_base64": null,
            "content_disposition": "",
            "content_encoding": "",
            "content_language": "",
            "content_type": "application/javascript",
            "etag": "8e030f64391ed39ee5514dcb2a09bd63",
            "force_destroy": false,
            "id": "llmlearning20260308210817975400000001/assets/index-CaHuRmG5.js",
            "key": "assets/index-CaHuRmG5.js",
            "kms_key_id": null,
            "metadata": null,
            "object_lock_legal_hold_status": "",
            "object_lock_mode": "",
            "object_lock_retain_until_date": "",
            "override_provider": [],
            "region": "eu-west-2",
            "server_side_encryption": "AES256",
            "source": "./website/assets/index-CaHuRmG5.js",
            "source_hash": "8e030f64391ed39ee5514dcb2a09bd63",
            "storage_class": "STANDARD",
            "tags": null,
            "tags_all": {},
            "version_id": "",
            "website_redirect": ""
          },
          "sensitive_attributes": [],
          "identity_schema_version": 0,
          "identity": {
            "account_id": "723738378505",
            "bucket": "llmlearning20260308210817975400000001",
            "key": "assets/index-CaHuRmG5.js",
            "region": "eu-west-2"
          },
          "private": "bnVsbA==",
          "dependencies": [
            "terraform_data.replacement"
          ]
        },
        {
          "index_key": "assets/index-DdZcx7lm.css",
          "schema_version": 0,
          "attributes": {
            "acl": null,
            "arn": "arn:aws:s3:::llmlearning20260308210817975400000001/assets/index-DdZcx7lm.css",
            "bucket": "llmlearning20260308210817975400000001",
            "bucket_key_enabled": false,
            "cache_control": "",
            "checksum_algorithm": null,
            "checksum_crc32": "",
            "checksum_crc32c": "",
            "checksum_crc64nvme": "",
            "checksum_sha1": "",
            "checksum_sha256": "",
            "content": null,
            "content_base64": null,
            "content_disposition": "",
            "content_encoding": "",
            "content_language": "",
            "content_type": "text/css",
            "etag": "bcd07b4241dc4464fac7f49a32968da5",
            "force_destroy": false,
            "id": "llmlearning20260308210817975400000001/assets/index-DdZcx7lm.css",
            "key": "assets/index-DdZcx7lm.css",
            "kms_key_id": null,
            "metadata": null,
            "object_lock_legal_hold_status": "",
            "object_lock_mode": "",
            "object_lock_retain_until_date": "",
            "override_provider": [],
            "region": "eu-west-2",
            "server_side_encryption": "AES256",
            "source": "./website/assets/index-DdZcx7lm.css",
            "source_hash": "bcd07b4241dc4464fac7f49a32968da5",
            "storage_class": "STANDARD",
            "tags": null,
            "tags_all": {},
            "version_id": "",
            "website_redirect": ""
          },
          "sensitive_attributes": [],
          "identity_schema_version": 0,
          "identity": {
            "account_id": "723738378505",
            "bucket": "llmlearning20260308210817975400000001",
            "key": "assets/index-DdZcx7lm.css",
            "region": "eu-west-2"
          },
          "private": "bnVsbA==",
          "dependencies": [
            "terraform_data.replacement"
          ]
        }
      ]
    },
    {
      "mode": "managed",
      "type": "terraform_data",
      "name": "replacement",
      "provider": "provider[\"terraform.io/builtin/terraform\"]",
      "instances": [
        {
          "schema_version": 0,
          "attributes": {
            "id": "3777939e-f6e9-b43a-2d39-2fc2e57b479b",
            "input": {
              "value": "2026-05-11T07:01:47Z",
              "type": "string"
            },
            "output": {
              "value": "2026-05-11T07:01:47Z",
              "type": "string"
            },
            "triggers_replace": null
          },
          "sensitive_attributes": [],
          "identity_schema_version": 0
        }
      ]
    }
  ],
  "check_results": null
}
