{
  "version": 4,
  "terraform_version": "1.14.6",
  "serial": 6,
  "lineage": "4e39cd62-8dc4-c80a-f243-ac79d0cca966",
  "outputs": {},
  "resources": [
    {
      "mode": "managed",
      "type": "aws_s3_object",
      "name": "website",
      "provider": "provider[\"registry.terraform.io/hashicorp/aws\"]",
      "instances": [
        {
          "index_key": "_shell.html",
          "schema_version": 0,
          "attributes": {
            "acl": null,
            "arn": "arn:aws:s3:::llmlearning20260306213250028900000001/_shell.html",
            "bucket": "llmlearning20260306213250028900000001",
            "bucket_key_enabled": false,
            "cache_control": "",
            "checksum_algorithm": null,
            "checksum_crc32": "",
            "checksum_crc32c": "",
            "checksum_crc64nvme": "",
            "checksum_sha1": "",
            "checksum_sha256": "",
            "content": null,
            "content_base64": null,
            "content_disposition": "",
            "content_encoding": "",
            "content_language": "",
            "content_type": "text/html",
            "etag": "8ada9566a7025aa65614cef7592d8aa1",
            "force_destroy": false,
            "id": "llmlearning20260306213250028900000001/_shell.html",
            "key": "_shell.html",
            "kms_key_id": null,
            "metadata": null,
            "object_lock_legal_hold_status": "",
            "object_lock_mode": "",
            "object_lock_retain_until_date": "",
            "override_provider": [],
            "region": "eu-west-2",
            "server_side_encryption": "AES256",
            "source": "./website/_shell.html",
            "source_hash": "8ada9566a7025aa65614cef7592d8aa1",
            "storage_class": "STANDARD",
            "tags": null,
            "tags_all": {},
            "version_id": "",
            "website_redirect": ""
          },
          "sensitive_attributes": [],
          "identity_schema_version": 0,
          "identity": {
            "account_id": "723738378505",
            "bucket": "llmlearning20260306213250028900000001",
            "key": "_shell.html",
            "region": "eu-west-2"
          },
          "private": "bnVsbA==",
          "dependencies": [
            "terraform_data.replacement"
          ]
        },
        {
          "index_key": "assets/index-vKZ6w4EA.js",
          "schema_version": 0,
          "attributes": {
            "acl": null,
            "arn": "arn:aws:s3:::llmlearning20260306213250028900000001/assets/index-vKZ6w4EA.js",
            "bucket": "llmlearning20260306213250028900000001",
            "bucket_key_enabled": false,
            "cache_control": "",
            "checksum_algorithm": null,
            "checksum_crc32": "",
            "checksum_crc32c": "",
            "checksum_crc64nvme": "",
            "checksum_sha1": "",
            "checksum_sha256": "",
            "content": null,
            "content_base64": null,
            "content_disposition": "",
            "content_encoding": "",
            "content_language": "",
            "content_type": "application/javascript",
            "etag": "e3e9096e60832e4c86281b61077204a4",
            "force_destroy": false,
            "id": "llmlearning20260306213250028900000001/assets/index-vKZ6w4EA.js",
            "key": "assets/index-vKZ6w4EA.js",
            "kms_key_id": null,
            "metadata": null,
            "object_lock_legal_hold_status": "",
            "object_lock_mode": "",
            "object_lock_retain_until_date": "",
            "override_provider": [],
            "region": "eu-west-2",
            "server_side_encryption": "AES256",
            "source": "./website/assets/index-vKZ6w4EA.js",
            "source_hash": "e3e9096e60832e4c86281b61077204a4",
            "storage_class": "STANDARD",
            "tags": null,
            "tags_all": {},
            "version_id": "",
            "website_redirect": ""
          },
          "sensitive_attributes": [],
          "identity_schema_version": 0,
          "identity": {
            "account_id": "723738378505",
            "bucket": "llmlearning20260306213250028900000001",
            "key": "assets/index-vKZ6w4EA.js",
            "region": "eu-west-2"
          },
          "private": "bnVsbA==",
          "dependencies": [
            "terraform_data.replacement"
          ]
        },
        {
          "index_key": "assets/main-BqrDqMb6.css",
          "schema_version": 0,
          "attributes": {
            "acl": null,
            "arn": "arn:aws:s3:::llmlearning20260306213250028900000001/assets/main-BqrDqMb6.css",
            "bucket": "llmlearning20260306213250028900000001",
            "bucket_key_enabled": false,
            "cache_control": "",
            "checksum_algorithm": null,
            "checksum_crc32": "",
            "checksum_crc32c": "",
            "checksum_crc64nvme": "",
            "checksum_sha1": "",
            "checksum_sha256": "",
            "content": null,
            "content_base64": null,
            "content_disposition": "",
            "content_encoding": "",
            "content_language": "",
            "content_type": "text/css",
            "etag": "e794757937005d960e063db623b9512f",
            "force_destroy": false,
            "id": "llmlearning20260306213250028900000001/assets/main-BqrDqMb6.css",
            "key": "assets/main-BqrDqMb6.css",
            "kms_key_id": null,
            "metadata": null,
            "object_lock_legal_hold_status": "",
            "object_lock_mode": "",
            "object_lock_retain_until_date": "",
            "override_provider": [],
            "region": "eu-west-2",
            "server_side_encryption": "AES256",
            "source": "./website/assets/main-BqrDqMb6.css",
            "source_hash": "e794757937005d960e063db623b9512f",
            "storage_class": "STANDARD",
            "tags": null,
            "tags_all": {},
            "version_id": "",
            "website_redirect": ""
          },
          "sensitive_attributes": [],
          "identity_schema_version": 0,
          "identity": {
            "account_id": "723738378505",
            "bucket": "llmlearning20260306213250028900000001",
            "key": "assets/main-BqrDqMb6.css",
            "region": "eu-west-2"
          },
          "private": "bnVsbA==",
          "dependencies": [
            "terraform_data.replacement"
          ]
        },
        {
          "index_key": "assets/main-CUYMpopo.js",
          "schema_version": 0,
          "attributes": {
            "acl": null,
            "arn": "arn:aws:s3:::llmlearning20260306213250028900000001/assets/main-CUYMpopo.js",
            "bucket": "llmlearning20260306213250028900000001",
            "bucket_key_enabled": false,
            "cache_control": "",
            "checksum_algorithm": null,
            "checksum_crc32": "",
            "checksum_crc32c": "",
            "checksum_crc64nvme": "",
            "checksum_sha1": "",
            "checksum_sha256": "",
            "content": null,
            "content_base64": null,
            "content_disposition": "",
            "content_encoding": "",
            "content_language": "",
            "content_type": "application/javascript",
            "etag": "1f7a369aca8aff37cdcef8c6c687cb68",
            "force_destroy": false,
            "id": "llmlearning20260306213250028900000001/assets/main-CUYMpopo.js",
            "key": "assets/main-CUYMpopo.js",
            "kms_key_id": null,
            "metadata": null,
            "object_lock_legal_hold_status": "",
            "object_lock_mode": "",
            "object_lock_retain_until_date": "",
            "override_provider": [],
            "region": "eu-west-2",
            "server_side_encryption": "AES256",
            "source": "./website/assets/main-CUYMpopo.js",
            "source_hash": "1f7a369aca8aff37cdcef8c6c687cb68",
            "storage_class": "STANDARD",
            "tags": null,
            "tags_all": {},
            "version_id": "",
            "website_redirect": ""
          },
          "sensitive_attributes": [],
          "identity_schema_version": 0,
          "identity": {
            "account_id": "723738378505",
            "bucket": "llmlearning20260306213250028900000001",
            "key": "assets/main-CUYMpopo.js",
            "region": "eu-west-2"
          },
          "private": "bnVsbA==",
          "dependencies": [
            "terraform_data.replacement"
          ]
        }
      ]
    },
    {
      "mode": "managed",
      "type": "terraform_data",
      "name": "replacement",
      "provider": "provider[\"terraform.io/builtin/terraform\"]",
      "instances": [
        {
          "schema_version": 0,
          "attributes": {
            "id": "3e637606-6e50-8e9b-39bd-0a59fb0e9f08",
            "input": {
              "value": "2026-03-08T19:37:33Z",
              "type": "string"
            },
            "output": {
              "value": "2026-03-08T19:37:33Z",
              "type": "string"
            },
            "triggers_replace": null
          },
          "sensitive_attributes": [],
          "identity_schema_version": 0
        }
      ]
    }
  ],
  "check_results": null
}
